dependencies:
- name: shared
  repository: file://subchart/shared
  version: 1.0.0
- name: init-resources
  repository: file://subchart/init-resources
  version: 1.0.0
- name: nginx
  repository: file://subchart/nginx
  version: 1.0.0
- name: vss-ui
  repository: file://subchart/vss-ui
  version: 1.0.0
- name: pipeline-manager
  repository: file://subchart/pipeline-manager
  version: 1.0.0
- name: postgres-service
  repository: file://subchart/postgres-service
  version: 1.0.0
- name: minio-service
  repository: file://subchart/minio-service
  version: 1.0.0
- name: vdms-vector-db
  repository: file://subchart/vdms-vector-db
  version: 1.0.0
- name: multimodal-embedding-serving
  repository: file://subchart/multimodal-embedding-serving
  version: 1.0.0
- name: vdms-dataprep
  repository: file://subchart/vdms-dataprep
  version: 1.0.0
- name: video-search
  repository: file://subchart/video-search
  version: 1.0.0
- name: mqtt-broker
  repository: file://subchart/mqtt-broker
  version: 1.0.0
- name: redis
  repository: file://subchart/redis
  version: 1.0.0
- name: frigate-vms
  repository: file://subchart/frigate-vms
  version: 1.0.0
- name: nvr-event-router
  repository: file://subchart/nvr-event-router
  version: 1.0.0
- name: rtsp-test
  repository: file://subchart/rtsp-test
  version: 1.0.0
- name: vss-collector
  repository: file://subchart/vss-collector
  version: 1.0.0
digest: sha256:098dd823196440a2ea35a9e3f9a35835724ae2374054bd02c3687dbd5a6281fa
generated: "2026-03-19T19:23:41.236818291-07:00"
